
Microsoft Visual Studio Solution File, Format Version 12.00
# Visual Studio 15
VisualStudioVersion = 15.0.28307.1259
MinimumVisualStudioVersion = 10.0.40219.1
Project("{FAE04EC0-301F-11D3-BF4B-00C04F79EFBC}") = "JuliusSweetland.OptiKey.Core", "src\JuliusSweetland.OptiKey.Core\JuliusSweetland.OptiKey.Core.csproj", "{6865C5AF-C6F0-4BDA-BA1C-7AE8BC225234}"
	ProjectSection(ProjectDependencies) = postProject
		{0C8F0372-2D55-41BC-9730-4ACE3ED67452} = {0C8F0372-2D55-41BC-9730-4ACE3ED67452}
	EndProjectSection
EndProject
Project("{2150E333-8FDC-42A3-9474-1A3956D46DE8}") = "Solution Items", "Solution Items", "{117E0D45-AA2F-4A2B-AAD5-C3101E1CBCA8}"
	ProjectSection(SolutionItems) = preProject
		Build and deploy with AdvancedInstaller.md = Build and deploy with AdvancedInstaller.md
		docs\Certificates and signing notes.md = docs\Certificates and signing notes.md
		docs\Code signing using Signtool or Jarsigner.pdf = docs\Code signing using Signtool or Jarsigner.pdf
		docs\Deployment.md = docs\Deployment.md
		docs\Design decision notes.md = docs\Design decision notes.md
		src\JuliusSweetland.OptiKey\Dictionaries\FinnishFinland.dic = src\JuliusSweetland.OptiKey\Dictionaries\FinnishFinland.dic
		docs\Icon design notes.md = docs\Icon design notes.md
		docs\Installing certificate on cryptographic card.pdf = docs\Installing certificate on cryptographic card.pdf
		src\JuliusSweetland.OptiKey.InstallerUnitTests\JuliusSweetland.OptiKey.InstallerUnitTests.csproj = src\JuliusSweetland.OptiKey.InstallerUnitTests\JuliusSweetland.OptiKey.InstallerUnitTests.csproj
		docs\Localisation.xls = docs\Localisation.xls
		docs\Localize.md = docs\Localize.md
		docs\Look to scroll overlay flickering.md = docs\Look to scroll overlay flickering.md
		docs\Physical setup of eye trackers.md = docs\Physical setup of eye trackers.md
		src\JuliusSweetland.OptiKey\Properties\Resources.fi-FI.resx = src\JuliusSweetland.OptiKey\Properties\Resources.fi-FI.resx
		docs\UiAccess.md = docs\UiAccess.md
		docs\Unicode standard for diacritic marks.pdf = docs\Unicode standard for diacritic marks.pdf
	EndProjectSection
EndProject
Project("{FAE04EC0-301F-11D3-BF4B-00C04F79EFBC}") = "JuliusSweetland.OptiKey.UnitTests", "src\JuliusSweetland.OptiKey.UnitTests\JuliusSweetland.OptiKey.UnitTests.csproj", "{345EB82F-7EF0-4118-A1F1-92DA1AEE5197}"
	ProjectSection(ProjectDependencies) = postProject
		{E6BA1ED6-5724-4E21-A770-C31BE8F424CF} = {E6BA1ED6-5724-4E21-A770-C31BE8F424CF}
	EndProjectSection
EndProject
Project("{FAE04EC0-301F-11D3-BF4B-00C04F79EFBC}") = "JuliusSweetland.OptiKey.AutoCompletePerformance", "src\JuliusSweetland.OptiKey.AutoCompletePerformance\JuliusSweetland.OptiKey.AutoCompletePerformance.csproj", "{5831AF7F-EB4B-42A4-8184-0C8B3A77466B}"
EndProject
Project("{2150E333-8FDC-42A3-9474-1A3956D46DE8}") = "OptiKeyLocaleGuideImages", "OptiKeyLocaleGuideImages", "{7468759C-A5A4-4228-B61C-41DE35482069}"
	ProjectSection(SolutionItems) = preProject
		docs\OptiKeyLocaleGuideImages\transifex_dashboard.JPG = docs\OptiKeyLocaleGuideImages\transifex_dashboard.JPG
		docs\OptiKeyLocaleGuideImages\transifex_project_sel.JPG = docs\OptiKeyLocaleGuideImages\transifex_project_sel.JPG
		docs\OptiKeyLocaleGuideImages\transifex_project_str_resx.JPG = docs\OptiKeyLocaleGuideImages\transifex_project_str_resx.JPG
		docs\OptiKeyLocaleGuideImages\transifex_project_trans_box.JPG = docs\OptiKeyLocaleGuideImages\transifex_project_trans_box.JPG
		docs\OptiKeyLocaleGuideImages\transifex_project_trans_page.JPG = docs\OptiKeyLocaleGuideImages\transifex_project_trans_page.JPG
	EndProjectSection
EndProject
Project("{FAE04EC0-301F-11D3-BF4B-00C04F79EFBC}") = "JuliusSweetland.OptiKey.StandardPlugins", "src\JuliusSweetland.OptiKey.StandardPlugins\JuliusSweetland.OptiKey.StandardPlugins.csproj", "{0C8F0372-2D55-41BC-9730-4ACE3ED67452}"
EndProject
Project("{FAE04EC0-301F-11D3-BF4B-00C04F79EFBC}") = "JuliusSweetland.OptiKey.Pro", "src\JuliusSweetland.OptiKey.Pro\JuliusSweetland.OptiKey.Pro.csproj", "{A42B7E64-5E13-4B8A-AF6C-31E07FA00CC4}"
	ProjectSection(ProjectDependencies) = postProject
		{0C8F0372-2D55-41BC-9730-4ACE3ED67452} = {0C8F0372-2D55-41BC-9730-4ACE3ED67452}
		{E6BA1ED6-5724-4E21-A770-C31BE8F424CF} = {E6BA1ED6-5724-4E21-A770-C31BE8F424CF}
	EndProjectSection
EndProject
Project("{FAE04EC0-301F-11D3-BF4B-00C04F79EFBC}") = "JuliusSweetland.OptiKey.Symbol", "src\JuliusSweetland.OptiKey.Symbol\JuliusSweetland.OptiKey.Symbol.csproj", "{2947DE4A-159C-46D2-AF3E-5768FFB3A61F}"
EndProject
Project("{FAE04EC0-301F-11D3-BF4B-00C04F79EFBC}") = "JuliusSweetland.OptiKey.Chat", "src\JuliusSweetland.OptiKey.Chat\JuliusSweetland.OptiKey.Chat.csproj", "{C0148D83-B0B5-4C8F-B56C-7B5CDC387F92}"
EndProject
Project("{FAE04EC0-301F-11D3-BF4B-00C04F79EFBC}") = "JuliusSweetland.OptiKey.Mouse", "src\JuliusSweetland.OptiKey.Mouse\JuliusSweetland.OptiKey.Mouse.csproj", "{2885FEE0-3BD2-43C7-8D14-4D5795EA0BE9}"
EndProject
Project("{FAE04EC0-301F-11D3-BF4B-00C04F79EFBC}") = "JuliusSweetland.OptiKey.InstallerActions", "src\JuliusSweetland.OptiKey.InstallerActions\JuliusSweetland.OptiKey.InstallerActions.csproj", "{E6BA1ED6-5724-4E21-A770-C31BE8F424CF}"
	ProjectSection(ProjectDependencies) = postProject
		{F05F9050-307C-4CBA-9D4C-C204544686F2} = {F05F9050-307C-4CBA-9D4C-C204544686F2}
	EndProjectSection
EndProject
Project("{FAE04EC0-301F-11D3-BF4B-00C04F79EFBC}") = "SingleInstance", "src\SingleInstance\SingleInstance.csproj", "{36B2699D-69D9-486E-8253-E63230CB50E2}"
EndProject
Project("{FAE04EC0-301F-11D3-BF4B-00C04F79EFBC}") = "SingleInstance.Wpf", "src\SingleInstance.Wpf\SingleInstance.Wpf.csproj", "{2A8B4AE0-48BE-4A49-9C9C-654C195C8AB2}"
EndProject
Project("{9A19103F-16F7-4668-BE54-9A1E7A4F7556}") = "JuliusSweetland.OptiKey.InstallerTranslations", "src\JuliusSweetland.OptiKey.InstallerTranslations\JuliusSweetland.OptiKey.InstallerTranslations.csproj", "{F05F9050-307C-4CBA-9D4C-C204544686F2}"
	ProjectSection(ProjectDependencies) = postProject
		{6865C5AF-C6F0-4BDA-BA1C-7AE8BC225234} = {6865C5AF-C6F0-4BDA-BA1C-7AE8BC225234}
	EndProjectSection
EndProject
Project("{FAE04EC0-301F-11D3-BF4B-00C04F79EFBC}") = "JuliusSweetland.OptiKey.InstallerUnitTests", "src\JuliusSweetland.OptiKey.InstallerUnitTests\JuliusSweetland.OptiKey.InstallerUnitTests.csproj", "{7A8332C8-5F9C-4636-9646-AB2A11CFDF70}"
EndProject
Project("{FAE04EC0-301F-11D3-BF4B-00C04F79EFBC}") = "TestConnectedControllers", "src\TestControllers\TestConnectedControllers.csproj", "{C19F5A3D-271A-44B4-9F98-628F4534F959}"
EndProject
Global
	GlobalSection(SolutionConfigurationPlatforms) = preSolution
		All|Any CPU = All|Any CPU
		All|x86 = All|x86
		Debug|Any CPU = Debug|Any CPU
		Debug|x86 = Debug|x86
		DefaultBuild|Any CPU = DefaultBuild|Any CPU
		DefaultBuild|x86 = DefaultBuild|x86
		Release|Any CPU = Release|Any CPU
		Release|x86 = Release|x86
	EndGlobalSection
	GlobalSection(ProjectConfigurationPlatforms) = postSolution
		{6865C5AF-C6F0-4BDA-BA1C-7AE8BC225234}.All|Any CPU.ActiveCfg = Release|Any CPU
		{6865C5AF-C6F0-4BDA-BA1C-7AE8BC225234}.All|Any CPU.Build.0 = Release|Any CPU
		{6865C5AF-C6F0-4BDA-BA1C-7AE8BC225234}.All|x86.ActiveCfg = Debug|Any CPU
		{6865C5AF-C6F0-4BDA-BA1C-7AE8BC225234}.All|x86.Build.0 = Debug|Any CPU
		{6865C5AF-C6F0-4BDA-BA1C-7AE8BC225234}.Debug|Any CPU.ActiveCfg = Debug|Any CPU
		{6865C5AF-C6F0-4BDA-BA1C-7AE8BC225234}.Debug|Any CPU.Build.0 = Debug|Any CPU
		{6865C5AF-C6F0-4BDA-BA1C-7AE8BC225234}.Debug|x86.ActiveCfg = Debug|Any CPU
		{6865C5AF-C6F0-4BDA-BA1C-7AE8BC225234}.Debug|x86.Build.0 = Debug|Any CPU
		{6865C5AF-C6F0-4BDA-BA1C-7AE8BC225234}.DefaultBuild|Any CPU.ActiveCfg = Debug|Any CPU
		{6865C5AF-C6F0-4BDA-BA1C-7AE8BC225234}.DefaultBuild|Any CPU.Build.0 = Debug|Any CPU
		{6865C5AF-C6F0-4BDA-BA1C-7AE8BC225234}.DefaultBuild|x86.ActiveCfg = Debug|Any CPU
		{6865C5AF-C6F0-4BDA-BA1C-7AE8BC225234}.DefaultBuild|x86.Build.0 = Debug|Any CPU
		{6865C5AF-C6F0-4BDA-BA1C-7AE8BC225234}.Release|Any CPU.ActiveCfg = Release|Any CPU
		{6865C5AF-C6F0-4BDA-BA1C-7AE8BC225234}.Release|Any CPU.Build.0 = Release|Any CPU
		{6865C5AF-C6F0-4BDA-BA1C-7AE8BC225234}.Release|x86.ActiveCfg = Release|Any CPU
		{6865C5AF-C6F0-4BDA-BA1C-7AE8BC225234}.Release|x86.Build.0 = Release|Any CPU
		{345EB82F-7EF0-4118-A1F1-92DA1AEE5197}.All|Any CPU.ActiveCfg = Release|Any CPU
		{345EB82F-7EF0-4118-A1F1-92DA1AEE5197}.All|Any CPU.Build.0 = Release|Any CPU
		{345EB82F-7EF0-4118-A1F1-92DA1AEE5197}.All|x86.ActiveCfg = Debug|Any CPU
		{345EB82F-7EF0-4118-A1F1-92DA1AEE5197}.All|x86.Build.0 = Debug|Any CPU
		{345EB82F-7EF0-4118-A1F1-92DA1AEE5197}.Debug|Any CPU.ActiveCfg = Debug|Any CPU
		{345EB82F-7EF0-4118-A1F1-92DA1AEE5197}.Debug|Any CPU.Build.0 = Debug|Any CPU
		{345EB82F-7EF0-4118-A1F1-92DA1AEE5197}.Debug|x86.ActiveCfg = Debug|Any CPU
		{345EB82F-7EF0-4118-A1F1-92DA1AEE5197}.Debug|x86.Build.0 = Debug|Any CPU
		{345EB82F-7EF0-4118-A1F1-92DA1AEE5197}.DefaultBuild|Any CPU.ActiveCfg = Debug|Any CPU
		{345EB82F-7EF0-4118-A1F1-92DA1AEE5197}.DefaultBuild|Any CPU.Build.0 = Debug|Any CPU
		{345EB82F-7EF0-4118-A1F1-92DA1AEE5197}.DefaultBuild|x86.ActiveCfg = Debug|Any CPU
		{345EB82F-7EF0-4118-A1F1-92DA1AEE5197}.DefaultBuild|x86.Build.0 = Debug|Any CPU
		{345EB82F-7EF0-4118-A1F1-92DA1AEE5197}.Release|Any CPU.ActiveCfg = Release|Any CPU
		{345EB82F-7EF0-4118-A1F1-92DA1AEE5197}.Release|Any CPU.Build.0 = Release|Any CPU
		{345EB82F-7EF0-4118-A1F1-92DA1AEE5197}.Release|x86.ActiveCfg = Release|Any CPU
		{345EB82F-7EF0-4118-A1F1-92DA1AEE5197}.Release|x86.Build.0 = Release|Any CPU
		{5831AF7F-EB4B-42A4-8184-0C8B3A77466B}.All|Any CPU.ActiveCfg = Release|Any CPU
		{5831AF7F-EB4B-42A4-8184-0C8B3A77466B}.All|Any CPU.Build.0 = Release|Any CPU
		{5831AF7F-EB4B-42A4-8184-0C8B3A77466B}.All|x86.ActiveCfg = Debug|Any CPU
		{5831AF7F-EB4B-42A4-8184-0C8B3A77466B}.All|x86.Build.0 = Debug|Any CPU
		{5831AF7F-EB4B-42A4-8184-0C8B3A77466B}.Debug|Any CPU.ActiveCfg = Debug|Any CPU
		{5831AF7F-EB4B-42A4-8184-0C8B3A77466B}.Debug|Any CPU.Build.0 = Debug|Any CPU
		{5831AF7F-EB4B-42A4-8184-0C8B3A77466B}.Debug|x86.ActiveCfg = Debug|Any CPU
		{5831AF7F-EB4B-42A4-8184-0C8B3A77466B}.Debug|x86.Build.0 = Debug|Any CPU
		{5831AF7F-EB4B-42A4-8184-0C8B3A77466B}.DefaultBuild|Any CPU.ActiveCfg = Debug|Any CPU
		{5831AF7F-EB4B-42A4-8184-0C8B3A77466B}.DefaultBuild|Any CPU.Build.0 = Debug|Any CPU
		{5831AF7F-EB4B-42A4-8184-0C8B3A77466B}.DefaultBuild|x86.ActiveCfg = Debug|Any CPU
		{5831AF7F-EB4B-42A4-8184-0C8B3A77466B}.DefaultBuild|x86.Build.0 = Debug|Any CPU
		{5831AF7F-EB4B-42A4-8184-0C8B3A77466B}.Release|Any CPU.ActiveCfg = Release|Any CPU
		{5831AF7F-EB4B-42A4-8184-0C8B3A77466B}.Release|Any CPU.Build.0 = Release|Any CPU
		{5831AF7F-EB4B-42A4-8184-0C8B3A77466B}.Release|x86.ActiveCfg = Release|Any CPU
		{5831AF7F-EB4B-42A4-8184-0C8B3A77466B}.Release|x86.Build.0 = Release|Any CPU
		{0C8F0372-2D55-41BC-9730-4ACE3ED67452}.All|Any CPU.ActiveCfg = Release|Any CPU
		{0C8F0372-2D55-41BC-9730-4ACE3ED67452}.All|Any CPU.Build.0 = Release|Any CPU
		{0C8F0372-2D55-41BC-9730-4ACE3ED67452}.All|x86.ActiveCfg = Debug|Any CPU
		{0C8F0372-2D55-41BC-9730-4ACE3ED67452}.All|x86.Build.0 = Debug|Any CPU
		{0C8F0372-2D55-41BC-9730-4ACE3ED67452}.Debug|Any CPU.ActiveCfg = Debug|Any CPU
		{0C8F0372-2D55-41BC-9730-4ACE3ED67452}.Debug|Any CPU.Build.0 = Debug|Any CPU
		{0C8F0372-2D55-41BC-9730-4ACE3ED67452}.Debug|x86.ActiveCfg = Debug|Any CPU
		{0C8F0372-2D55-41BC-9730-4ACE3ED67452}.Debug|x86.Build.0 = Debug|Any CPU
		{0C8F0372-2D55-41BC-9730-4ACE3ED67452}.DefaultBuild|Any CPU.ActiveCfg = Debug|Any CPU
		{0C8F0372-2D55-41BC-9730-4ACE3ED67452}.DefaultBuild|Any CPU.Build.0 = Debug|Any CPU
		{0C8F0372-2D55-41BC-9730-4ACE3ED67452}.DefaultBuild|x86.ActiveCfg = Debug|Any CPU
		{0C8F0372-2D55-41BC-9730-4ACE3ED67452}.DefaultBuild|x86.Build.0 = Debug|Any CPU
		{0C8F0372-2D55-41BC-9730-4ACE3ED67452}.Release|Any CPU.ActiveCfg = Release|Any CPU
		{0C8F0372-2D55-41BC-9730-4ACE3ED67452}.Release|Any CPU.Build.0 = Release|Any CPU
		{0C8F0372-2D55-41BC-9730-4ACE3ED67452}.Release|x86.ActiveCfg = Release|Any CPU
		{0C8F0372-2D55-41BC-9730-4ACE3ED67452}.Release|x86.Build.0 = Release|Any CPU
		{A42B7E64-5E13-4B8A-AF6C-31E07FA00CC4}.All|Any CPU.ActiveCfg = Release|Any CPU
		{A42B7E64-5E13-4B8A-AF6C-31E07FA00CC4}.All|Any CPU.Build.0 = Release|Any CPU
		{A42B7E64-5E13-4B8A-AF6C-31E07FA00CC4}.All|x86.ActiveCfg = Debug|Any CPU
		{A42B7E64-5E13-4B8A-AF6C-31E07FA00CC4}.All|x86.Build.0 = Debug|Any CPU
		{A42B7E64-5E13-4B8A-AF6C-31E07FA00CC4}.Debug|Any CPU.ActiveCfg = Debug|Any CPU
		{A42B7E64-5E13-4B8A-AF6C-31E07FA00CC4}.Debug|Any CPU.Build.0 = Debug|Any CPU
		{A42B7E64-5E13-4B8A-AF6C-31E07FA00CC4}.Debug|x86.ActiveCfg = Debug|Any CPU
		{A42B7E64-5E13-4B8A-AF6C-31E07FA00CC4}.Debug|x86.Build.0 = Debug|Any CPU
		{A42B7E64-5E13-4B8A-AF6C-31E07FA00CC4}.DefaultBuild|Any CPU.ActiveCfg = Debug|Any CPU
		{A42B7E64-5E13-4B8A-AF6C-31E07FA00CC4}.DefaultBuild|Any CPU.Build.0 = Debug|Any CPU
		{A42B7E64-5E13-4B8A-AF6C-31E07FA00CC4}.DefaultBuild|x86.ActiveCfg = Debug|Any CPU
		{A42B7E64-5E13-4B8A-AF6C-31E07FA00CC4}.DefaultBuild|x86.Build.0 = Debug|Any CPU
		{A42B7E64-5E13-4B8A-AF6C-31E07FA00CC4}.Release|Any CPU.ActiveCfg = Release|Any CPU
		{A42B7E64-5E13-4B8A-AF6C-31E07FA00CC4}.Release|Any CPU.Build.0 = Release|Any CPU
		{A42B7E64-5E13-4B8A-AF6C-31E07FA00CC4}.Release|x86.ActiveCfg = Release|Any CPU
		{A42B7E64-5E13-4B8A-AF6C-31E07FA00CC4}.Release|x86.Build.0 = Release|Any CPU
		{2947DE4A-159C-46D2-AF3E-5768FFB3A61F}.All|Any CPU.ActiveCfg = Release|Any CPU
		{2947DE4A-159C-46D2-AF3E-5768FFB3A61F}.All|Any CPU.Build.0 = Release|Any CPU
		{2947DE4A-159C-46D2-AF3E-5768FFB3A61F}.All|x86.ActiveCfg = Debug|Any CPU
		{2947DE4A-159C-46D2-AF3E-5768FFB3A61F}.All|x86.Build.0 = Debug|Any CPU
		{2947DE4A-159C-46D2-AF3E-5768FFB3A61F}.Debug|Any CPU.ActiveCfg = Debug|Any CPU
		{2947DE4A-159C-46D2-AF3E-5768FFB3A61F}.Debug|Any CPU.Build.0 = Debug|Any CPU
		{2947DE4A-159C-46D2-AF3E-5768FFB3A61F}.Debug|x86.ActiveCfg = Debug|Any CPU
		{2947DE4A-159C-46D2-AF3E-5768FFB3A61F}.Debug|x86.Build.0 = Debug|Any CPU
		{2947DE4A-159C-46D2-AF3E-5768FFB3A61F}.DefaultBuild|Any CPU.ActiveCfg = Debug|Any CPU
		{2947DE4A-159C-46D2-AF3E-5768FFB3A61F}.DefaultBuild|Any CPU.Build.0 = Debug|Any CPU
		{2947DE4A-159C-46D2-AF3E-5768FFB3A61F}.DefaultBuild|x86.ActiveCfg = Debug|Any CPU
		{2947DE4A-159C-46D2-AF3E-5768FFB3A61F}.DefaultBuild|x86.Build.0 = Debug|Any CPU
		{2947DE4A-159C-46D2-AF3E-5768FFB3A61F}.Release|Any CPU.ActiveCfg = Release|Any CPU
		{2947DE4A-159C-46D2-AF3E-5768FFB3A61F}.Release|Any CPU.Build.0 = Release|Any CPU
		{2947DE4A-159C-46D2-AF3E-5768FFB3A61F}.Release|x86.ActiveCfg = Release|Any CPU
		{2947DE4A-159C-46D2-AF3E-5768FFB3A61F}.Release|x86.Build.0 = Release|Any CPU
		{C0148D83-B0B5-4C8F-B56C-7B5CDC387F92}.All|Any CPU.ActiveCfg = Release|Any CPU
		{C0148D83-B0B5-4C8F-B56C-7B5CDC387F92}.All|Any CPU.Build.0 = Release|Any CPU
		{C0148D83-B0B5-4C8F-B56C-7B5CDC387F92}.All|x86.ActiveCfg = Debug|Any CPU
		{C0148D83-B0B5-4C8F-B56C-7B5CDC387F92}.All|x86.Build.0 = Debug|Any CPU
		{C0148D83-B0B5-4C8F-B56C-7B5CDC387F92}.Debug|Any CPU.ActiveCfg = Debug|Any CPU
		{C0148D83-B0B5-4C8F-B56C-7B5CDC387F92}.Debug|Any CPU.Build.0 = Debug|Any CPU
		{C0148D83-B0B5-4C8F-B56C-7B5CDC387F92}.Debug|x86.ActiveCfg = Debug|Any CPU
		{C0148D83-B0B5-4C8F-B56C-7B5CDC387F92}.Debug|x86.Build.0 = Debug|Any CPU
		{C0148D83-B0B5-4C8F-B56C-7B5CDC387F92}.DefaultBuild|Any CPU.ActiveCfg = Debug|Any CPU
		{C0148D83-B0B5-4C8F-B56C-7B5CDC387F92}.DefaultBuild|Any CPU.Build.0 = Debug|Any CPU
		{C0148D83-B0B5-4C8F-B56C-7B5CDC387F92}.DefaultBuild|x86.ActiveCfg = Debug|Any CPU
		{C0148D83-B0B5-4C8F-B56C-7B5CDC387F92}.DefaultBuild|x86.Build.0 = Debug|Any CPU
		{C0148D83-B0B5-4C8F-B56C-7B5CDC387F92}.Release|Any CPU.ActiveCfg = Release|Any CPU
		{C0148D83-B0B5-4C8F-B56C-7B5CDC387F92}.Release|Any CPU.Build.0 = Release|Any CPU
		{C0148D83-B0B5-4C8F-B56C-7B5CDC387F92}.Release|x86.ActiveCfg = Release|Any CPU
		{C0148D83-B0B5-4C8F-B56C-7B5CDC387F92}.Release|x86.Build.0 = Release|Any CPU
		{2885FEE0-3BD2-43C7-8D14-4D5795EA0BE9}.All|Any CPU.ActiveCfg = Release|Any CPU
		{2885FEE0-3BD2-43C7-8D14-4D5795EA0BE9}.All|Any CPU.Build.0 = Release|Any CPU
		{2885FEE0-3BD2-43C7-8D14-4D5795EA0BE9}.All|x86.ActiveCfg = Debug|Any CPU
		{2885FEE0-3BD2-43C7-8D14-4D5795EA0BE9}.All|x86.Build.0 = Debug|Any CPU
		{2885FEE0-3BD2-43C7-8D14-4D5795EA0BE9}.Debug|Any CPU.ActiveCfg = Debug|Any CPU
		{2885FEE0-3BD2-43C7-8D14-4D5795EA0BE9}.Debug|Any CPU.Build.0 = Debug|Any CPU
		{2885FEE0-3BD2-43C7-8D14-4D5795EA0BE9}.Debug|x86.ActiveCfg = Debug|Any CPU
		{2885FEE0-3BD2-43C7-8D14-4D5795EA0BE9}.Debug|x86.Build.0 = Debug|Any CPU
		{2885FEE0-3BD2-43C7-8D14-4D5795EA0BE9}.DefaultBuild|Any CPU.ActiveCfg = Debug|Any CPU
		{2885FEE0-3BD2-43C7-8D14-4D5795EA0BE9}.DefaultBuild|Any CPU.Build.0 = Debug|Any CPU
		{2885FEE0-3BD2-43C7-8D14-4D5795EA0BE9}.DefaultBuild|x86.ActiveCfg = Debug|Any CPU
		{2885FEE0-3BD2-43C7-8D14-4D5795EA0BE9}.DefaultBuild|x86.Build.0 = Debug|Any CPU
		{2885FEE0-3BD2-43C7-8D14-4D5795EA0BE9}.Release|Any CPU.ActiveCfg = Release|Any CPU
		{2885FEE0-3BD2-43C7-8D14-4D5795EA0BE9}.Release|Any CPU.Build.0 = Release|Any CPU
		{2885FEE0-3BD2-43C7-8D14-4D5795EA0BE9}.Release|x86.ActiveCfg = Release|Any CPU
		{2885FEE0-3BD2-43C7-8D14-4D5795EA0BE9}.Release|x86.Build.0 = Release|Any CPU
		{E6BA1ED6-5724-4E21-A770-C31BE8F424CF}.All|Any CPU.ActiveCfg = Release|x86
		{E6BA1ED6-5724-4E21-A770-C31BE8F424CF}.All|Any CPU.Build.0 = Release|x86
		{E6BA1ED6-5724-4E21-A770-C31BE8F424CF}.All|x86.ActiveCfg = Release|x86
		{E6BA1ED6-5724-4E21-A770-C31BE8F424CF}.All|x86.Build.0 = Release|x86
		{E6BA1ED6-5724-4E21-A770-C31BE8F424CF}.Debug|Any CPU.ActiveCfg = Debug|x86
		{E6BA1ED6-5724-4E21-A770-C31BE8F424CF}.Debug|x86.ActiveCfg = Debug|x86
		{E6BA1ED6-5724-4E21-A770-C31BE8F424CF}.Debug|x86.Build.0 = Debug|x86
		{E6BA1ED6-5724-4E21-A770-C31BE8F424CF}.DefaultBuild|Any CPU.ActiveCfg = Release|x86
		{E6BA1ED6-5724-4E21-A770-C31BE8F424CF}.DefaultBuild|Any CPU.Build.0 = Release|x86
		{E6BA1ED6-5724-4E21-A770-C31BE8F424CF}.DefaultBuild|x86.ActiveCfg = Debug|x86
		{E6BA1ED6-5724-4E21-A770-C31BE8F424CF}.DefaultBuild|x86.Build.0 = Debug|x86
		{E6BA1ED6-5724-4E21-A770-C31BE8F424CF}.Release|Any CPU.ActiveCfg = Release|x86
		{E6BA1ED6-5724-4E21-A770-C31BE8F424CF}.Release|Any CPU.Build.0 = Release|x86
		{E6BA1ED6-5724-4E21-A770-C31BE8F424CF}.Release|x86.ActiveCfg = Release|x86
		{E6BA1ED6-5724-4E21-A770-C31BE8F424CF}.Release|x86.Build.0 = Release|x86
		{36B2699D-69D9-486E-8253-E63230CB50E2}.All|Any CPU.ActiveCfg = Release|Any CPU
		{36B2699D-69D9-486E-8253-E63230CB50E2}.All|Any CPU.Build.0 = Release|Any CPU
		{36B2699D-69D9-486E-8253-E63230CB50E2}.All|x86.ActiveCfg = Release|Any CPU
		{36B2699D-69D9-486E-8253-E63230CB50E2}.All|x86.Build.0 = Release|Any CPU
		{36B2699D-69D9-486E-8253-E63230CB50E2}.Debug|Any CPU.ActiveCfg = Debug|Any CPU
		{36B2699D-69D9-486E-8253-E63230CB50E2}.Debug|Any CPU.Build.0 = Debug|Any CPU
		{36B2699D-69D9-486E-8253-E63230CB50E2}.Debug|x86.ActiveCfg = Debug|Any CPU
		{36B2699D-69D9-486E-8253-E63230CB50E2}.Debug|x86.Build.0 = Debug|Any CPU
		{36B2699D-69D9-486E-8253-E63230CB50E2}.DefaultBuild|Any CPU.ActiveCfg = Debug|Any CPU
		{36B2699D-69D9-486E-8253-E63230CB50E2}.DefaultBuild|Any CPU.Build.0 = Debug|Any CPU
		{36B2699D-69D9-486E-8253-E63230CB50E2}.DefaultBuild|x86.ActiveCfg = Debug|Any CPU
		{36B2699D-69D9-486E-8253-E63230CB50E2}.DefaultBuild|x86.Build.0 = Debug|Any CPU
		{36B2699D-69D9-486E-8253-E63230CB50E2}.Release|Any CPU.ActiveCfg = Release|Any CPU
		{36B2699D-69D9-486E-8253-E63230CB50E2}.Release|Any CPU.Build.0 = Release|Any CPU
		{36B2699D-69D9-486E-8253-E63230CB50E2}.Release|x86.ActiveCfg = Release|Any CPU
		{36B2699D-69D9-486E-8253-E63230CB50E2}.Release|x86.Build.0 = Release|Any CPU
		{2A8B4AE0-48BE-4A49-9C9C-654C195C8AB2}.All|Any CPU.ActiveCfg = Release|Any CPU
		{2A8B4AE0-48BE-4A49-9C9C-654C195C8AB2}.All|Any CPU.Build.0 = Release|Any CPU
		{2A8B4AE0-48BE-4A49-9C9C-654C195C8AB2}.All|x86.ActiveCfg = Release|Any CPU
		{2A8B4AE0-48BE-4A49-9C9C-654C195C8AB2}.All|x86.Build.0 = Release|Any CPU
		{2A8B4AE0-48BE-4A49-9C9C-654C195C8AB2}.Debug|Any CPU.ActiveCfg = Debug|Any CPU
		{2A8B4AE0-48BE-4A49-9C9C-654C195C8AB2}.Debug|Any CPU.Build.0 = Debug|Any CPU
		{2A8B4AE0-48BE-4A49-9C9C-654C195C8AB2}.Debug|x86.ActiveCfg = Debug|Any CPU
		{2A8B4AE0-48BE-4A49-9C9C-654C195C8AB2}.Debug|x86.Build.0 = Debug|Any CPU
		{2A8B4AE0-48BE-4A49-9C9C-654C195C8AB2}.DefaultBuild|Any CPU.ActiveCfg = Debug|Any CPU
		{2A8B4AE0-48BE-4A49-9C9C-654C195C8AB2}.DefaultBuild|Any CPU.Build.0 = Debug|Any CPU
		{2A8B4AE0-48BE-4A49-9C9C-654C195C8AB2}.DefaultBuild|x86.ActiveCfg = Debug|Any CPU
		{2A8B4AE0-48BE-4A49-9C9C-654C195C8AB2}.DefaultBuild|x86.Build.0 = Debug|Any CPU
		{2A8B4AE0-48BE-4A49-9C9C-654C195C8AB2}.Release|Any CPU.ActiveCfg = Release|Any CPU
		{2A8B4AE0-48BE-4A49-9C9C-654C195C8AB2}.Release|Any CPU.Build.0 = Release|Any CPU
		{2A8B4AE0-48BE-4A49-9C9C-654C195C8AB2}.Release|x86.ActiveCfg = Release|Any CPU
		{2A8B4AE0-48BE-4A49-9C9C-654C195C8AB2}.Release|x86.Build.0 = Release|Any CPU
		{F05F9050-307C-4CBA-9D4C-C204544686F2}.All|Any CPU.ActiveCfg = Debug|Any CPU
		{F05F9050-307C-4CBA-9D4C-C204544686F2}.All|Any CPU.Build.0 = Debug|Any CPU
		{F05F9050-307C-4CBA-9D4C-C204544686F2}.All|x86.ActiveCfg = Debug|Any CPU
		{F05F9050-307C-4CBA-9D4C-C204544686F2}.All|x86.Build.0 = Debug|Any CPU
		{F05F9050-307C-4CBA-9D4C-C204544686F2}.Debug|Any CPU.ActiveCfg = Debug|Any CPU
		{F05F9050-307C-4CBA-9D4C-C204544686F2}.Debug|Any CPU.Build.0 = Debug|Any CPU
		{F05F9050-307C-4CBA-9D4C-C204544686F2}.Debug|x86.ActiveCfg = Debug|Any CPU
		{F05F9050-307C-4CBA-9D4C-C204544686F2}.Debug|x86.Build.0 = Debug|Any CPU
		{F05F9050-307C-4CBA-9D4C-C204544686F2}.DefaultBuild|Any CPU.ActiveCfg = Debug|Any CPU
		{F05F9050-307C-4CBA-9D4C-C204544686F2}.DefaultBuild|Any CPU.Build.0 = Debug|Any CPU
		{F05F9050-307C-4CBA-9D4C-C204544686F2}.DefaultBuild|x86.ActiveCfg = Debug|Any CPU
		{F05F9050-307C-4CBA-9D4C-C204544686F2}.DefaultBuild|x86.Build.0 = Debug|Any CPU
		{F05F9050-307C-4CBA-9D4C-C204544686F2}.Release|Any CPU.ActiveCfg = Release|Any CPU
		{F05F9050-307C-4CBA-9D4C-C204544686F2}.Release|Any CPU.Build.0 = Release|Any CPU
		{F05F9050-307C-4CBA-9D4C-C204544686F2}.Release|x86.ActiveCfg = Release|Any CPU
		{F05F9050-307C-4CBA-9D4C-C204544686F2}.Release|x86.Build.0 = Release|Any CPU
		{7A8332C8-5F9C-4636-9646-AB2A11CFDF70}.All|Any CPU.ActiveCfg = Release|Any CPU
		{7A8332C8-5F9C-4636-9646-AB2A11CFDF70}.All|Any CPU.Build.0 = Release|Any CPU
		{7A8332C8-5F9C-4636-9646-AB2A11CFDF70}.All|x86.ActiveCfg = Release|Any CPU
		{7A8332C8-5F9C-4636-9646-AB2A11CFDF70}.All|x86.Build.0 = Release|Any CPU
		{7A8332C8-5F9C-4636-9646-AB2A11CFDF70}.Debug|Any CPU.ActiveCfg = Debug|Any CPU
		{7A8332C8-5F9C-4636-9646-AB2A11CFDF70}.Debug|Any CPU.Build.0 = Debug|Any CPU
		{7A8332C8-5F9C-4636-9646-AB2A11CFDF70}.Debug|x86.ActiveCfg = Debug|Any CPU
		{7A8332C8-5F9C-4636-9646-AB2A11CFDF70}.Debug|x86.Build.0 = Debug|Any CPU
		{7A8332C8-5F9C-4636-9646-AB2A11CFDF70}.DefaultBuild|Any CPU.ActiveCfg = Debug|Any CPU
		{7A8332C8-5F9C-4636-9646-AB2A11CFDF70}.DefaultBuild|Any CPU.Build.0 = Debug|Any CPU
		{7A8332C8-5F9C-4636-9646-AB2A11CFDF70}.DefaultBuild|x86.ActiveCfg = Debug|Any CPU
		{7A8332C8-5F9C-4636-9646-AB2A11CFDF70}.DefaultBuild|x86.Build.0 = Debug|Any CPU
		{7A8332C8-5F9C-4636-9646-AB2A11CFDF70}.Release|Any CPU.ActiveCfg = Release|Any CPU
		{7A8332C8-5F9C-4636-9646-AB2A11CFDF70}.Release|Any CPU.Build.0 = Release|Any CPU
		{7A8332C8-5F9C-4636-9646-AB2A11CFDF70}.Release|x86.ActiveCfg = Release|Any CPU
		{7A8332C8-5F9C-4636-9646-AB2A11CFDF70}.Release|x86.Build.0 = Release|Any CPU
		{C19F5A3D-271A-44B4-9F98-628F4534F959}.All|Any CPU.ActiveCfg = Release|Any CPU
		{C19F5A3D-271A-44B4-9F98-628F4534F959}.All|Any CPU.Build.0 = Release|Any CPU
		{C19F5A3D-271A-44B4-9F98-628F4534F959}.All|x86.ActiveCfg = Release|Any CPU
		{C19F5A3D-271A-44B4-9F98-628F4534F959}.All|x86.Build.0 = Release|Any CPU
		{C19F5A3D-271A-44B4-9F98-628F4534F959}.Debug|Any CPU.ActiveCfg = Debug|Any CPU
		{C19F5A3D-271A-44B4-9F98-628F4534F959}.Debug|Any CPU.Build.0 = Debug|Any CPU
		{C19F5A3D-271A-44B4-9F98-628F4534F959}.Debug|x86.ActiveCfg = Debug|Any CPU
		{C19F5A3D-271A-44B4-9F98-628F4534F959}.Debug|x86.Build.0 = Debug|Any CPU
		{C19F5A3D-271A-44B4-9F98-628F4534F959}.DefaultBuild|Any CPU.ActiveCfg = Debug|Any CPU
		{C19F5A3D-271A-44B4-9F98-628F4534F959}.DefaultBuild|Any CPU.Build.0 = Debug|Any CPU
		{C19F5A3D-271A-44B4-9F98-628F4534F959}.DefaultBuild|x86.ActiveCfg = Debug|Any CPU
		{C19F5A3D-271A-44B4-9F98-628F4534F959}.DefaultBuild|x86.Build.0 = Debug|Any CPU
		{C19F5A3D-271A-44B4-9F98-628F4534F959}.Release|Any CPU.ActiveCfg = Release|Any CPU
		{C19F5A3D-271A-44B4-9F98-628F4534F959}.Release|Any CPU.Build.0 = Release|Any CPU
		{C19F5A3D-271A-44B4-9F98-628F4534F959}.Release|x86.ActiveCfg = Release|Any CPU
		{C19F5A3D-271A-44B4-9F98-628F4534F959}.Release|x86.Build.0 = Release|Any CPU
	EndGlobalSection
	GlobalSection(SolutionProperties) = preSolution
		HideSolutionNode = FALSE
	EndGlobalSection
	GlobalSection(NestedProjects) = preSolution
		{7468759C-A5A4-4228-B61C-41DE35482069} = {117E0D45-AA2F-4A2B-AAD5-C3101E1CBCA8}
	EndGlobalSection
	GlobalSection(ExtensibilityGlobals) = postSolution
		SolutionGuid = {31B17873-AC39-4A8E-90D9-B092A2E107A9}
	EndGlobalSection
EndGlobal
