
Microsoft Visual Studio Solution File, Format Version 12.00
# Visual Studio 2013
VisualStudioVersion = 12.0.40629.0
MinimumVisualStudioVersion = 10.0.40219.1
Project("{FAE04EC0-301F-11D3-BF4B-00C04F79EFBC}") = "JuliusSweetland.OptiKey", "src\JuliusSweetland.OptiKey.csproj", "{6865C5AF-C6F0-4BDA-BA1C-7AE8BC225234}"
EndProject
Project("{2150E333-8FDC-42A3-9474-1A3956D46DE8}") = "Solution Items", "Solution Items", "{117E0D45-AA2F-4A2B-AAD5-C3101E1CBCA8}"
	ProjectSection(SolutionItems) = preProject
		docs\Certificates and signing notes.txt = docs\Certificates and signing notes.txt
		docs\Deployment.txt = docs\Deployment.txt
		docs\Design decision notes.txt = docs\Design decision notes.txt
		docs\Icon design notes.txt = docs\Icon design notes.txt
		docs\Physical setup of eye trackers.txt = docs\Physical setup of eye trackers.txt
		docs\Strings.xls = docs\Strings.xls
		docs\UiAccess.txt = docs\UiAccess.txt
	EndProjectSection
EndProject
Project("{2150E333-8FDC-42A3-9474-1A3956D46DE8}") = ".nuget", ".nuget", "{7AD7A9FD-5D4F-4C9B-A7E8-D3A46BD4B4E3}"
	ProjectSection(SolutionItems) = preProject
		.nuget\NuGet.Config = .nuget\NuGet.Config
		.nuget\NuGet.exe = .nuget\NuGet.exe
		.nuget\NuGet.targets = .nuget\NuGet.targets
	EndProjectSection
EndProject
Global
	GlobalSection(SolutionConfigurationPlatforms) = preSolution
		Debug|Any CPU = Debug|Any CPU
		Release|Any CPU = Release|Any CPU
	EndGlobalSection
	GlobalSection(ProjectConfigurationPlatforms) = postSolution
		{6865C5AF-C6F0-4BDA-BA1C-7AE8BC225234}.Debug|Any CPU.ActiveCfg = Debug|Any CPU
		{6865C5AF-C6F0-4BDA-BA1C-7AE8BC225234}.Debug|Any CPU.Build.0 = Debug|Any CPU
		{6865C5AF-C6F0-4BDA-BA1C-7AE8BC225234}.Release|Any CPU.ActiveCfg = Release|Any CPU
		{6865C5AF-C6F0-4BDA-BA1C-7AE8BC225234}.Release|Any CPU.Build.0 = Release|Any CPU
	EndGlobalSection
	GlobalSection(SolutionProperties) = preSolution
		HideSolutionNode = FALSE
	EndGlobalSection
EndGlobal
